
Microsoft Visual Studio Solution File, Format Version 12.00
# Visual Studio Version 16
VisualStudioVersion = 16.0.29609.76
MinimumVisualStudioVersion = 10.0.40219.1
Project("{FAE04EC0-301F-11D3-BF4B-00C04F79EFBC}") = "Inheritance", "Inheritance\Inheritance.csproj", "{44E0879E-615F-4B75-B8AD-FBEAD06D735D}"
EndProject
Global
	GlobalSection(SolutionConfigurationPlatforms) = preSolution
		Debug|Any CPU = Debug|Any CPU
		Release|Any CPU = Release|Any CPU
	EndGlobalSection
	GlobalSection(ProjectConfigurationPlatforms) = postSolution
		{44E0879E-615F-4B75-B8AD-FBEAD06D735D}.Debug|Any CPU.ActiveCfg = Debug|Any CPU
		{44E0879E-615F-4B75-B8AD-FBEAD06D735D}.Debug|Any CPU.Build.0 = Debug|Any CPU
		{44E0879E-615F-4B75-B8AD-FBEAD06D735D}.Release|Any CPU.ActiveCfg = Release|Any CPU
		{44E0879E-615F-4B75-B8AD-FBEAD06D735D}.Release|Any CPU.Build.0 = Release|Any CPU
	EndGlobalSection
	GlobalSection(SolutionProperties) = preSolution
		HideSolutionNode = FALSE
	EndGlobalSection
	GlobalSection(ExtensibilityGlobals) = postSolution
		SolutionGuid = {58B43EEE-4A4C-4349-98DD-D9732D45D2AD}
	EndGlobalSection
EndGlobal
