
Microsoft Visual Studio Solution File, Format Version 12.00
# Visual Studio Version 16
VisualStudioVersion = 16.0.29609.76
MinimumVisualStudioVersion = 10.0.40219.1
Project("{FAE04EC0-301F-11D3-BF4B-00C04F79EFBC}") = "Incapsulation", "Incapsulation\Incapsulation.csproj", "{9DDF147D-5B95-4F85-BCB6-931067EA5503}"
EndProject
Global
	GlobalSection(SolutionConfigurationPlatforms) = preSolution
		Debug|Any CPU = Debug|Any CPU
		Release|Any CPU = Release|Any CPU
	EndGlobalSection
	GlobalSection(ProjectConfigurationPlatforms) = postSolution
		{9DDF147D-5B95-4F85-BCB6-931067EA5503}.Debug|Any CPU.ActiveCfg = Debug|Any CPU
		{9DDF147D-5B95-4F85-BCB6-931067EA5503}.Debug|Any CPU.Build.0 = Debug|Any CPU
		{9DDF147D-5B95-4F85-BCB6-931067EA5503}.Release|Any CPU.ActiveCfg = Release|Any CPU
		{9DDF147D-5B95-4F85-BCB6-931067EA5503}.Release|Any CPU.Build.0 = Release|Any CPU
	EndGlobalSection
	GlobalSection(SolutionProperties) = preSolution
		HideSolutionNode = FALSE
	EndGlobalSection
	GlobalSection(ExtensibilityGlobals) = postSolution
		SolutionGuid = {ADEED6B1-A8CF-40BB-9FDC-4EC9D40BE513}
	EndGlobalSection
EndGlobal
